// !$*UTF8*$!
{
	archiveVersion = 1;
	classes = {
	};
	objectVersion = 46;
	objects = {

/* Begin PBXBuildFile section */
		C16C230B1F52AB9E00DC1086 /* AppDelegate.swift in Sources */ = {isa = PBXBuildFile; fileRef = C16C230A1F52AB9E00DC1086 /* AppDelegate.swift */; };
		C16C23121F52AB9E00DC1086 /* Assets.xcassets in Resources */ = {isa = PBXBuildFile; fileRef = C16C23111F52AB9E00DC1086 /* Assets.xcassets */; };
		C16C23151F52AB9E00DC1086 /* LaunchScreen.storyboard in Resources */ = {isa = PBXBuildFile; fileRef = C16C23131F52AB9E00DC1086 /* LaunchScreen.storyboard */; };
		C16C231E1F52AC2E00DC1086 /* Main.storyboard in Resources */ = {isa = PBXBuildFile; fileRef = C16C231D1F52AC2E00DC1086 /* Main.storyboard */; };
		C16C23201F52AC8B00DC1086 /* QuestionsViewController.swift in Sources */ = {isa = PBXBuildFile; fileRef = C16C231F1F52AC8B00DC1086 /* QuestionsViewController.swift */; };
		C16C23221F52AD0200DC1086 /* ResultViewController.swift in Sources */ = {isa = PBXBuildFile; fileRef = C16C23211F52AD0200DC1086 /* ResultViewController.swift */; };
		C17580081F53CA12005FE948 /* Questions.swift in Sources */ = {isa = PBXBuildFile; fileRef = C17580071F53CA12005FE948 /* Questions.swift */; };
		C17A64171F561FF8004BD224 /* QuestionView.swift in Sources */ = {isa = PBXBuildFile; fileRef = C17A64161F561FF8004BD224 /* QuestionView.swift */; };
		C17A64191F562013004BD224 /* QuestionView.xib in Resources */ = {isa = PBXBuildFile; fileRef = C17A64181F562013004BD224 /* QuestionView.xib */; };
		C17A641B1F56598A004BD224 /* InformationViewController.swift in Sources */ = {isa = PBXBuildFile; fileRef = C17A641A1F56598A004BD224 /* InformationViewController.swift */; };
/* End PBXBuildFile section */

/* Begin PBXFileReference section */
		C16C23071F52AB9E00DC1086 /* TipAssistant.app */ = {isa = PBXFileReference; explicitFileType = wrapper.application; includeInIndex = 0; path = TipAssistant.app; sourceTree = BUILT_PRODUCTS_DIR; };
		C16C230A1F52AB9E00DC1086 /* AppDelegate.swift */ = {isa = PBXFileReference; lastKnownFileType = sourcecode.swift; path = AppDelegate.swift; sourceTree = "<group>"; };
		C16C23111F52AB9E00DC1086 /* Assets.xcassets */ = {isa = PBXFileReference; lastKnownFileType = folder.assetcatalog; path = Assets.xcassets; sourceTree = "<group>"; };
		C16C23141F52AB9E00DC1086 /* Base */ = {isa = PBXFileReference; lastKnownFileType = file.storyboard; name = Base; path = Base.lproj/LaunchScreen.storyboard; sourceTree = "<group>"; };
		C16C23161F52AB9E00DC1086 /* Info.plist */ = {isa = PBXFileReference; lastKnownFileType = text.plist.xml; path = Info.plist; sourceTree = "<group>"; };
		C16C231D1F52AC2E00DC1086 /* Main.storyboard */ = {isa = PBXFileReference; fileEncoding = 4; lastKnownFileType = file.storyboard; path = Main.storyboard; sourceTree = "<group>"; };
		C16C231F1F52AC8B00DC1086 /* QuestionsViewController.swift */ = {isa = PBXFileReference; fileEncoding = 4; lastKnownFileType = sourcecode.swift; path = QuestionsViewController.swift; sourceTree = "<group>"; };
		C16C23211F52AD0200DC1086 /* ResultViewController.swift */ = {isa = PBXFileReference; fileEncoding = 4; lastKnownFileType = sourcecode.swift; path = ResultViewController.swift; sourceTree = "<group>"; };
		C17580071F53CA12005FE948 /* Questions.swift */ = {isa = PBXFileReference; fileEncoding = 4; lastKnownFileType = sourcecode.swift; path = Questions.swift; sourceTree = "<group>"; };
		C17A64161F561FF8004BD224 /* QuestionView.swift */ = {isa = PBXFileReference; fileEncoding = 4; lastKnownFileType = sourcecode.swift; name = QuestionView.swift; path = ../QuestionView.swift; sourceTree = "<group>"; };
		C17A64181F562013004BD224 /* QuestionView.xib */ = {isa = PBXFileReference; fileEncoding = 4; lastKnownFileType = file.xib; path = QuestionView.xib; sourceTree = "<group>"; };
		C17A641A1F56598A004BD224 /* InformationViewController.swift */ = {isa = PBXFileReference; fileEncoding = 4; lastKnownFileType = sourcecode.swift; path = InformationViewController.swift; sourceTree = "<group>"; };
/* End PBXFileReference section */

/* Begin PBXFrameworksBuildPhase section */
		C16C23041F52AB9E00DC1086 /* Frameworks */ = {
			isa = PBXFrameworksBuildPhase;
			buildActionMask = 2147483647;
			files = (
			);
			runOnlyForDeploymentPostprocessing = 0;
		};
/* End PBXFrameworksBuildPhase section */

/* Begin PBXGroup section */
		C16C22FE1F52AB9E00DC1086 = {
			isa = PBXGroup;
			children = (
				C16C23091F52AB9E00DC1086 /* TipAssistant */,
				C16C23081F52AB9E00DC1086 /* Products */,
			);
			sourceTree = "<group>";
		};
		C16C23081F52AB9E00DC1086 /* Products */ = {
			isa = PBXGroup;
			children = (
				C16C23071F52AB9E00DC1086 /* TipAssistant.app */,
			);
			name = Products;
			sourceTree = "<group>";
		};
		C16C23091F52AB9E00DC1086 /* TipAssistant */ = {
			isa = PBXGroup;
			children = (
				C16C231D1F52AC2E00DC1086 /* Main.storyboard */,
				C16C231F1F52AC8B00DC1086 /* QuestionsViewController.swift */,
				C16C23211F52AD0200DC1086 /* ResultViewController.swift */,
				C17A641A1F56598A004BD224 /* InformationViewController.swift */,
				C17A64131F561B29004BD224 /* Views */,
				C17A641C1F565997004BD224 /* Models */,
				C16C231C1F52ABD700DC1086 /* Supporting */,
			);
			path = TipAssistant;
			sourceTree = "<group>";
		};
		C16C231C1F52ABD700DC1086 /* Supporting */ = {
			isa = PBXGroup;
			children = (
				C16C230A1F52AB9E00DC1086 /* AppDelegate.swift */,
				C16C23111F52AB9E00DC1086 /* Assets.xcassets */,
				C16C23131F52AB9E00DC1086 /* LaunchScreen.storyboard */,
				C16C23161F52AB9E00DC1086 /* Info.plist */,
			);
			name = Supporting;
			sourceTree = "<group>";
		};
		C17A64131F561B29004BD224 /* Views */ = {
			isa = PBXGroup;
			children = (
				C17A64161F561FF8004BD224 /* QuestionView.swift */,
				C17A64181F562013004BD224 /* QuestionView.xib */,
			);
			name = Views;
			sourceTree = "<group>";
		};
		C17A641C1F565997004BD224 /* Models */ = {
			isa = PBXGroup;
			children = (
				C17580071F53CA12005FE948 /* Questions.swift */,
			);
			name = Models;
			sourceTree = "<group>";
		};
/* End PBXGroup section */

/* Begin PBXNativeTarget section */
		C16C23061F52AB9E00DC1086 /* TipAssistant */ = {
			isa = PBXNativeTarget;
			buildConfigurationList = C16C23191F52AB9E00DC1086 /* Build configuration list for PBXNativeTarget "TipAssistant" */;
			buildPhases = (
				C16C23031F52AB9E00DC1086 /* Sources */,
				C16C23041F52AB9E00DC1086 /* Frameworks */,
				C16C23051F52AB9E00DC1086 /* Resources */,
			);
			buildRules = (
			);
			dependencies = (
			);
			name = TipAssistant;
			productName = TipAssistant;
			productReference = C16C23071F52AB9E00DC1086 /* TipAssistant.app */;
			productType = "com.apple.product-type.application";
		};
/* End PBXNativeTarget section */

/* Begin PBXProject section */
		C16C22FF1F52AB9E00DC1086 /* Project object */ = {
			isa = PBXProject;
			attributes = {
				LastSwiftUpdateCheck = 0830;
				LastUpgradeCheck = 0830;
				ORGANIZATIONNAME = "Дмитрий Коробов";
				TargetAttributes = {
					C16C23061F52AB9E00DC1086 = {
						CreatedOnToolsVersion = 8.3.3;
						DevelopmentTeam = RJHPE689V9;
						ProvisioningStyle = Automatic;
					};
				};
			};
			buildConfigurationList = C16C23021F52AB9E00DC1086 /* Build configuration list for PBXProject "TipAssistant" */;
			compatibilityVersion = "Xcode 3.2";
			developmentRegion = English;
			hasScannedForEncodings = 0;
			knownRegions = (
				en,
				Base,
			);
			mainGroup = C16C22FE1F52AB9E00DC1086;
			productRefGroup = C16C23081F52AB9E00DC1086 /* Products */;
			projectDirPath = "";
			projectRoot = "";
			targets = (
				C16C23061F52AB9E00DC1086 /* TipAssistant */,
			);
		};
/* End PBXProject section */

/* Begin PBXResourcesBuildPhase section */
		C16C23051F52AB9E00DC1086 /* Resources */ = {
			isa = PBXResourcesBuildPhase;
			buildActionMask = 2147483647;
			files = (
				C17A64191F562013004BD224 /* QuestionView.xib in Resources */,
				C16C231E1F52AC2E00DC1086 /* Main.storyboard in Resources */,
				C16C23151F52AB9E00DC1086 /* LaunchScreen.storyboard in Resources */,
				C16C23121F52AB9E00DC1086 /* Assets.xcassets in Resources */,
			);
			runOnlyForDeploymentPostprocessing = 0;
		};
/* End PBXResourcesBuildPhase section */

/* Begin PBXSourcesBuildPhase section */
		C16C23031F52AB9E00DC1086 /* Sources */ = {
			isa = PBXSourcesBuildPhase;
			buildActionMask = 2147483647;
			files = (
				C17A64171F561FF8004BD224 /* QuestionView.swift in Sources */,
				C16C23201F52AC8B00DC1086 /* QuestionsViewController.swift in Sources */,
				C17580081F53CA12005FE948 /* Questions.swift in Sources */,
				C16C230B1F52AB9E00DC1086 /* AppDelegate.swift in Sources */,
				C16C23221F52AD0200DC1086 /* ResultViewController.swift in Sources */,
				C17A641B1F56598A004BD224 /* InformationViewController.swift in Sources */,
			);
			runOnlyForDeploymentPostprocessing = 0;
		};
/* End PBXSourcesBuildPhase section */

/* Begin PBXVariantGroup section */
		C16C23131F52AB9E00DC1086 /* LaunchScreen.storyboard */ = {
			isa = PBXVariantGroup;
			children = (
				C16C23141F52AB9E00DC1086 /* Base */,
			);
			name = LaunchScreen.storyboard;
			sourceTree = "<group>";
		};
/* End PBXVariantGroup section */

/* Begin XCBuildConfiguration section */
		C16C23171F52AB9E00DC1086 /* Debug */ = {
			isa = XCBuildConfiguration;
			buildSettings = {
				ALWAYS_SEARCH_USER_PATHS = NO;
				CLANG_ANALYZER_NONNULL = YES;
				CLANG_ANALYZER_NUMBER_OBJECT_CONVERSION = YES_AGGRESSIVE;
				CLANG_CXX_LANGUAGE_STANDARD = "gnu++0x";
				CLANG_CXX_LIBRARY = "libc++";
				CLANG_ENABLE_MODULES = YES;
				CLANG_ENABLE_OBJC_ARC = YES;
				CLANG_WARN_BOOL_CONVERSION = YES;
				CLANG_WARN_CONSTANT_CONVERSION = YES;
				CLANG_WARN_DIRECT_OBJC_ISA_USAGE = YES_ERROR;
				CLANG_WARN_DOCUMENTATION_COMMENTS = YES;
				CLANG_WARN_EMPTY_BODY = YES;
				CLANG_WARN_ENUM_CONVERSION = YES;
				CLANG_WARN_INFINITE_RECURSION = YES;
				CLANG_WARN_INT_CONVERSION = YES;
				CLANG_WARN_OBJC_ROOT_CLASS = YES_ERROR;
				CLANG_WARN_SUSPICIOUS_MOVE = YES;
				CLANG_WARN_UNREACHABLE_CODE = YES;
				CLANG_WARN__DUPLICATE_METHOD_MATCH = YES;
				"CODE_SIGN_IDENTITY[sdk=iphoneos*]" = "iPhone Developer";
				COPY_PHASE_STRIP = NO;
				DEBUG_INFORMATION_FORMAT = dwarf;
				ENABLE_STRICT_OBJC_MSGSEND = YES;
				ENABLE_TESTABILITY = YES;
				GCC_C_LANGUAGE_STANDARD = gnu99;
				GCC_DYNAMIC_NO_PIC = NO;
				GCC_NO_COMMON_BLOCKS = YES;
				GCC_OPTIMIZATION_LEVEL = 0;
				GCC_PREPROCESSOR_DEFINITIONS = (
					"DEBUG=1",
					"$(inherited)",
				);
				GCC_WARN_64_TO_32_BIT_CONVERSION = YES;
				GCC_WARN_ABOUT_RETURN_TYPE = YES_ERROR;
				GCC_WARN_UNDECLARED_SELECTOR = YES;
				GCC_WARN_UNINITIALIZED_AUTOS = YES_AGGRESSIVE;
				GCC_WARN_UNUSED_FUNCTION = YES;
				GCC_WARN_UNUSED_VARIABLE = YES;
				IPHONEOS_DEPLOYMENT_TARGET = 10.3;
				MTL_ENABLE_DEBUG_INFO = YES;
				ONLY_ACTIVE_ARCH = YES;
				SDKROOT = iphoneos;
				SWIFT_ACTIVE_COMPILATION_CONDITIONS = DEBUG;
				SWIFT_OPTIMIZATION_LEVEL = "-Onone";
			};
			name = Debug;
		};
		C16C23181F52AB9E00DC1086 /* Release */ = {
			isa = XCBuildConfiguration;
			buildSettings = {
				ALWAYS_SEARCH_USER_PATHS = NO;
				CLANG_ANALYZER_NONNULL = YES;
				CLANG_ANALYZER_NUMBER_OBJECT_CONVERSION = YES_AGGRESSIVE;
				CLANG_CXX_LANGUAGE_STANDARD = "gnu++0x";
				CLANG_CXX_LIBRARY = "libc++";
				CLANG_ENABLE_MODULES = YES;
				CLANG_ENABLE_OBJC_ARC = YES;
				CLANG_WARN_BOOL_CONVERSION = YES;
				CLANG_WARN_CONSTANT_CONVERSION = YES;
				CLANG_WARN_DIRECT_OBJC_ISA_USAGE = YES_ERROR;
				CLANG_WARN_DOCUMENTATION_COMMENTS = YES;
				CLANG_WARN_EMPTY_BODY = YES;
				CLANG_WARN_ENUM_CONVERSION = YES;
				CLANG_WARN_INFINITE_RECURSION = YES;
				CLANG_WARN_INT_CONVERSION = YES;
				CLANG_WARN_OBJC_ROOT_CLASS = YES_ERROR;
				CLANG_WARN_SUSPICIOUS_MOVE = YES;
				CLANG_WARN_UNREACHABLE_CODE = YES;
				CLANG_WARN__DUPLICATE_METHOD_MATCH = YES;
				"CODE_SIGN_IDENTITY[sdk=iphoneos*]" = "iPhone Developer";
				COPY_PHASE_STRIP = NO;
				DEBUG_INFORMATION_FORMAT = "dwarf-with-dsym";
				ENABLE_NS_ASSERTIONS = NO;
				ENABLE_STRICT_OBJC_MSGSEND = YES;
				GCC_C_LANGUAGE_STANDARD = gnu99;
				GCC_NO_COMMON_BLOCKS = YES;
				GCC_WARN_64_TO_32_BIT_CONVERSION = YES;
				GCC_WARN_ABOUT_RETURN_TYPE = YES_ERROR;
				GCC_WARN_UNDECLARED_SELECTOR = YES;
				GCC_WARN_UNINITIALIZED_AUTOS = YES_AGGRESSIVE;
				GCC_WARN_UNUSED_FUNCTION = YES;
				GCC_WARN_UNUSED_VARIABLE = YES;
				IPHONEOS_DEPLOYMENT_TARGET = 10.3;
				MTL_ENABLE_DEBUG_INFO = NO;
				SDKROOT = iphoneos;
				SWIFT_OPTIMIZATION_LEVEL = "-Owholemodule";
				VALIDATE_PRODUCT = YES;
			};
			name = Release;
		};
		C16C231A1F52AB9E00DC1086 /* Debug */ = {
			isa = XCBuildConfiguration;
			buildSettings = {
				ASSETCATALOG_COMPILER_APPICON_NAME = AppIcon;
				DEVELOPMENT_TEAM = RJHPE689V9;
				INFOPLIST_FILE = TipAssistant/Info.plist;
				LD_RUNPATH_SEARCH_PATHS = "$(inherited) @executable_path/Frameworks";
				PRODUCT_BUNDLE_IDENTIFIER = com.korcompany.TipAssistant;
				PRODUCT_NAME = "$(TARGET_NAME)";
				SWIFT_VERSION = 3.0;
			};
			name = Debug;
		};
		C16C231B1F52AB9E00DC1086 /* Release */ = {
			isa = XCBuildConfiguration;
			buildSettings = {
				ASSETCATALOG_COMPILER_APPICON_NAME = AppIcon;
				DEVELOPMENT_TEAM = RJHPE689V9;
				INFOPLIST_FILE = TipAssistant/Info.plist;
				LD_RUNPATH_SEARCH_PATHS = "$(inherited) @executable_path/Frameworks";
				PRODUCT_BUNDLE_IDENTIFIER = com.korcompany.TipAssistant;
				PRODUCT_NAME = "$(TARGET_NAME)";
				SWIFT_VERSION = 3.0;
			};
			name = Release;
		};
/* End XCBuildConfiguration section */

/* Begin XCConfigurationList section */
		C16C23021F52AB9E00DC1086 /* Build configuration list for PBXProject "TipAssistant" */ = {
			isa = XCConfigurationList;
			buildConfigurations = (
				C16C23171F52AB9E00DC1086 /* Debug */,
				C16C23181F52AB9E00DC1086 /* Release */,
			);
			defaultConfigurationIsVisible = 0;
			defaultConfigurationName = Release;
		};
		C16C23191F52AB9E00DC1086 /* Build configuration list for PBXNativeTarget "TipAssistant" */ = {
			isa = XCConfigurationList;
			buildConfigurations = (
				C16C231A1F52AB9E00DC1086 /* Debug */,
				C16C231B1F52AB9E00DC1086 /* Release */,
			);
			defaultConfigurationIsVisible = 0;
			defaultConfigurationName = Release;
		};
/* End XCConfigurationList section */
	};
	rootObject = C16C22FF1F52AB9E00DC1086 /* Project object */;
}
